
Microsoft Visual Studio Solution File, Format Version 12.00
# Visual Studio Version 16
VisualStudioVersion = 16.0.32802.440
MinimumVisualStudioVersion = 10.0.40219.1
Project("{FAE04EC0-301F-11D3-BF4B-00C04F79EFBC}") = "TestLootboxes", "TestLootboxes\TestLootboxes.csproj", "{7FE3EFDF-2F5E-4DC0-8308-F7986963A33C}"
EndProject
Global
	GlobalSection(SolutionConfigurationPlatforms) = preSolution
		Debug|Any CPU = Debug|Any CPU
		Release|Any CPU = Release|Any CPU
	EndGlobalSection
	GlobalSection(ProjectConfigurationPlatforms) = postSolution
		{7FE3EFDF-2F5E-4DC0-8308-F7986963A33C}.Debug|Any CPU.ActiveCfg = Debug|Any CPU
		{7FE3EFDF-2F5E-4DC0-8308-F7986963A33C}.Debug|Any CPU.Build.0 = Debug|Any CPU
		{7FE3EFDF-2F5E-4DC0-8308-F7986963A33C}.Release|Any CPU.ActiveCfg = Release|Any CPU
		{7FE3EFDF-2F5E-4DC0-8308-F7986963A33C}.Release|Any CPU.Build.0 = Release|Any CPU
	EndGlobalSection
	GlobalSection(SolutionProperties) = preSolution
		HideSolutionNode = FALSE
	EndGlobalSection
	GlobalSection(ExtensibilityGlobals) = postSolution
		SolutionGuid = {9C39E814-65A7-442E-AED0-BDFAD7481D5D}
	EndGlobalSection
EndGlobal
